
Microsoft Visual Studio Solution File, Format Version 12.00
# Visual Studio 15
VisualStudioVersion = 15.0.28010.2026
MinimumVisualStudioVersion = 10.0.40219.1
Project("{FAE04EC0-301F-11D3-BF4B-00C04F79EFBC}") = "localizaEDestroi_CLI", "localizaEDestroi_CLI\localizaEDestroi_CLI.csproj", "{0C3E06ED-53FE-486A-B707-ECD3502A599A}"
EndProject
Global
	GlobalSection(SolutionConfigurationPlatforms) = preSolution
		Debug|Any CPU = Debug|Any CPU
		Release|Any CPU = Release|Any CPU
	EndGlobalSection
	GlobalSection(ProjectConfigurationPlatforms) = postSolution
		{0C3E06ED-53FE-486A-B707-ECD3502A599A}.Debug|Any CPU.ActiveCfg = Debug|Any CPU
		{0C3E06ED-53FE-486A-B707-ECD3502A599A}.Debug|Any CPU.Build.0 = Debug|Any CPU
		{0C3E06ED-53FE-486A-B707-ECD3502A599A}.Release|Any CPU.ActiveCfg = Release|Any CPU
		{0C3E06ED-53FE-486A-B707-ECD3502A599A}.Release|Any CPU.Build.0 = Release|Any CPU
	EndGlobalSection
	GlobalSection(SolutionProperties) = preSolution
		HideSolutionNode = FALSE
	EndGlobalSection
	GlobalSection(ExtensibilityGlobals) = postSolution
		SolutionGuid = {C30A8E8C-3A0D-4074-AD5D-A80F6623412D}
	EndGlobalSection
EndGlobal
